
Microsoft Visual Studio Solution File, Format Version 12.00
# Visual Studio Version 17
VisualStudioVersion = 17.9.34728.123
MinimumVisualStudioVersion = 10.0.40219.1
Project("{FAE04EC0-301F-11D3-BF4B-00C04F79EFBC}") = "Project_Angular", "Project_Angular\Project_Angular.csproj", "{79C126D8-E277-4A33-8AFE-1401ECD97499}"
EndProject
Global
	GlobalSection(SolutionConfigurationPlatforms) = preSolution
		Debug|Any CPU = Debug|Any CPU
		Release|Any CPU = Release|Any CPU
	EndGlobalSection
	GlobalSection(ProjectConfigurationPlatforms) = postSolution
		{79C126D8-E277-4A33-8AFE-1401ECD97499}.Debug|Any CPU.ActiveCfg = Debug|Any CPU
		{79C126D8-E277-4A33-8AFE-1401ECD97499}.Debug|Any CPU.Build.0 = Debug|Any CPU
		{79C126D8-E277-4A33-8AFE-1401ECD97499}.Release|Any CPU.ActiveCfg = Release|Any CPU
		{79C126D8-E277-4A33-8AFE-1401ECD97499}.Release|Any CPU.Build.0 = Release|Any CPU
	EndGlobalSection
	GlobalSection(SolutionProperties) = preSolution
		HideSolutionNode = FALSE
	EndGlobalSection
	GlobalSection(ExtensibilityGlobals) = postSolution
		SolutionGuid = {DED6F100-83AD-41BD-8E42-797FFB904D99}
	EndGlobalSection
EndGlobal
